<?xml version="1.0" encoding="UTF-8" standalone="yes" ?>
<CodeBlocks_project_file>
	<FileVersion major="1" minor="6" />
	<Project>
		<Option title="DragonFiesta.LoginServer" />
		<Option pch_mode="2" />
		<Option compiler="gcc" />
		<Build>
			<Target title="Debug">
				<Option output="../Run/LoginServer" prefix_auto="1" extension_auto="1" />
				<Option working_dir="../Run" />
				<Option object_output="obj/Debug/" />
				<Option type="1" />
				<Option compiler="gcc" />
				<Compiler>
					<Add option="-march=core2" />
					<Add option="-std=c++11" />
					<Add option="-g" />
					<Add directory="../DragonFiesta.Shared" />
					<Add directory="../DragonFiesta.LoginServer" />
					<Add directory="include" />
				</Compiler>
				<Linker>
					<Add option="-pthread" />
					<Add option="-rdynamic" />
					<Add option="-lboost_thread" />
					<Add option="-MT" />
					<Add option="-MD" />
					<Add option="-lboost_system" />
					<Add option="-lboost_log_setup" />
					<Add option="-lboost_log" />
					<Add option="-lboost_date_time" />
					<Add option="-lrt" />
					<Add option="-lboost_filesystem" />
					<Add option="-DBOOST_ALL_DYN_LINK" />
					<Add option="-L$BOOST/lib/ -I $BOOST/include/" />
					<Add library="../Run/libDragonFiesta.a" />
					<Add library="boost_system" />
					<Add library="boost_thread" />
					<Add library="boost_log_setup" />
					<Add library="boost_log" />
					<Add library="boost_filesystem" />
					<Add library="boost_date_time" />
					<Add library="pthread" />
					<Add library="libmysqlclient" />
				</Linker>
			</Target>
			<Target title="Release">
				<Option output="bin/Release/DragonFiesta" prefix_auto="1" extension_auto="1" />
				<Option object_output="obj/Release/" />
				<Option type="1" />
				<Option compiler="gcc" />
				<Compiler>
					<Add option="-O2" />
					<Add directory="include" />
				</Compiler>
				<Linker>
					<Add option="-s" />
				</Linker>
			</Target>
		</Build>
		<Compiler>
			<Add option="-Wall" />
			<Add option="-fexceptions" />
		</Compiler>
		<Unit filename="Event/ShutdownEvent.cpp" />
		<Unit filename="Event/ShutdownEvent.h" />
		<Unit filename="Handler/Client/CH3Handler.cpp" />
		<Unit filename="Handler/Client/CH3Handler.h" />
		<Unit filename="Handler/LoginHandlerStore.cpp" />
		<Unit filename="Handler/LoginHandlerStore.h" />
		<Unit filename="LoginConsole.cpp" />
		<Unit filename="LoginConsole.h" />
		<Unit filename="Network/GameNetwork/LoginClient.cpp" />
		<Unit filename="Network/GameNetwork/LoginClient.h" />
		<Unit filename="Network/GameNetwork/LoginClientManager.cpp" />
		<Unit filename="Network/GameNetwork/LoginClientManager.h" />
		<Unit filename="Network/GameNetwork/LoginSocket.cpp" />
		<Unit filename="Network/GameNetwork/LoginSocket.h" />
		<Unit filename="Network/GameNetwork/LoginSocketMgr.cpp" />
		<Unit filename="Network/GameNetwork/LoginSocketMgr.h" />
		<Unit filename="Server.cpp" />
		<Unit filename="Server.h" />
		<Unit filename="include/TestTask.h" />
		<Unit filename="main.cpp" />
		<Unit filename="src/TestTask.cpp" />
		<Extensions>
			<code_completion />
			<debugger />
		</Extensions>
	</Project>
</CodeBlocks_project_file>
